
Microsoft Visual Studio Solution File, Format Version 12.00
# Visual Studio Version 16
VisualStudioVersion = 16.0.30128.36
MinimumVisualStudioVersion = 15.0.26124.0
Project("{9A19103F-16F7-4668-BE54-9A1E7A4F7556}") = "Day3 Conditional Statements", "Day3 Conditional Statements\Day3 Conditional Statements.csproj", "{17935A0D-1526-4682-B295-30A740F41DC5}"
EndProject
Project("{9A19103F-16F7-4668-BE54-9A1E7A4F7556}") = "Day4 Class vs. Instance", "Day4 Class vs. Instance\Day4 Class vs. Instance.csproj", "{95E162A4-4EBE-4D0F-88D6-41F5D01261AE}"
EndProject
Project("{9A19103F-16F7-4668-BE54-9A1E7A4F7556}") = "Day5 Loops", "Day5 Loops\Day5 Loops.csproj", "{A84F3B12-694E-43F1-B661-89A0634231FC}"
EndProject
Project("{9A19103F-16F7-4668-BE54-9A1E7A4F7556}") = "Day0 Hello World", "Day0 Hello World\Day0 Hello World.csproj", "{7A34A690-FD99-4617-A38C-1D77126651B6}"
EndProject
Project("{9A19103F-16F7-4668-BE54-9A1E7A4F7556}") = "Day1 Data Types", "Day1 Data Types\Day1 Data Types.csproj", "{5E84796D-4CC7-42B0-BDDD-C791546BC5E3}"
EndProject
Project("{9A19103F-16F7-4668-BE54-9A1E7A4F7556}") = "Day2 Operators", "Day2 Operators\Day2 Operators.csproj", "{9D11F339-AB93-45D3-99F0-7E7545FEBAAC}"
EndProject
Project("{9A19103F-16F7-4668-BE54-9A1E7A4F7556}") = "Day6 Let's Review", "Day6 Let's Review\Day6 Let's Review.csproj", "{2F6C33E4-B173-41E5-B50A-DC22742A0098}"
EndProject
Project("{9A19103F-16F7-4668-BE54-9A1E7A4F7556}") = "Day7 Arrays", "Day7 Arrays\Day7 Arrays.csproj", "{2EC66217-E36A-48E9-BC72-1CDA4D173000}"
EndProject
Global
	GlobalSection(SolutionConfigurationPlatforms) = preSolution
		Debug|Any CPU = Debug|Any CPU
		Debug|x64 = Debug|x64
		Debug|x86 = Debug|x86
		Release|Any CPU = Release|Any CPU
		Release|x64 = Release|x64
		Release|x86 = Release|x86
	EndGlobalSection
	GlobalSection(ProjectConfigurationPlatforms) = postSolution
		{17935A0D-1526-4682-B295-30A740F41DC5}.Debug|Any CPU.ActiveCfg = Debug|Any CPU
		{17935A0D-1526-4682-B295-30A740F41DC5}.Debug|Any CPU.Build.0 = Debug|Any CPU
		{17935A0D-1526-4682-B295-30A740F41DC5}.Debug|x64.ActiveCfg = Debug|x64
		{17935A0D-1526-4682-B295-30A740F41DC5}.Debug|x64.Build.0 = Debug|x64
		{17935A0D-1526-4682-B295-30A740F41DC5}.Debug|x86.ActiveCfg = Debug|Any CPU
		{17935A0D-1526-4682-B295-30A740F41DC5}.Debug|x86.Build.0 = Debug|Any CPU
		{17935A0D-1526-4682-B295-30A740F41DC5}.Release|Any CPU.ActiveCfg = Release|Any CPU
		{17935A0D-1526-4682-B295-30A740F41DC5}.Release|Any CPU.Build.0 = Release|Any CPU
		{17935A0D-1526-4682-B295-30A740F41DC5}.Release|x64.ActiveCfg = Release|x64
		{17935A0D-1526-4682-B295-30A740F41DC5}.Release|x64.Build.0 = Release|x64
		{17935A0D-1526-4682-B295-30A740F41DC5}.Release|x86.ActiveCfg = Release|Any CPU
		{17935A0D-1526-4682-B295-30A740F41DC5}.Release|x86.Build.0 = Release|Any CPU
		{95E162A4-4EBE-4D0F-88D6-41F5D01261AE}.Debug|Any CPU.ActiveCfg = Debug|Any CPU
		{95E162A4-4EBE-4D0F-88D6-41F5D01261AE}.Debug|Any CPU.Build.0 = Debug|Any CPU
		{95E162A4-4EBE-4D0F-88D6-41F5D01261AE}.Debug|x64.ActiveCfg = Debug|x64
		{95E162A4-4EBE-4D0F-88D6-41F5D01261AE}.Debug|x64.Build.0 = Debug|x64
		{95E162A4-4EBE-4D0F-88D6-41F5D01261AE}.Debug|x86.ActiveCfg = Debug|Any CPU
		{95E162A4-4EBE-4D0F-88D6-41F5D01261AE}.Debug|x86.Build.0 = Debug|Any CPU
		{95E162A4-4EBE-4D0F-88D6-41F5D01261AE}.Release|Any CPU.ActiveCfg = Release|Any CPU
		{95E162A4-4EBE-4D0F-88D6-41F5D01261AE}.Release|Any CPU.Build.0 = Release|Any CPU
		{95E162A4-4EBE-4D0F-88D6-41F5D01261AE}.Release|x64.ActiveCfg = Release|x64
		{95E162A4-4EBE-4D0F-88D6-41F5D01261AE}.Release|x64.Build.0 = Release|x64
		{95E162A4-4EBE-4D0F-88D6-41F5D01261AE}.Release|x86.ActiveCfg = Release|Any CPU
		{95E162A4-4EBE-4D0F-88D6-41F5D01261AE}.Release|x86.Build.0 = Release|Any CPU
		{A84F3B12-694E-43F1-B661-89A0634231FC}.Debug|Any CPU.ActiveCfg = Debug|Any CPU
		{A84F3B12-694E-43F1-B661-89A0634231FC}.Debug|Any CPU.Build.0 = Debug|Any CPU
		{A84F3B12-694E-43F1-B661-89A0634231FC}.Debug|x64.ActiveCfg = Debug|Any CPU
		{A84F3B12-694E-43F1-B661-89A0634231FC}.Debug|x64.Build.0 = Debug|Any CPU
		{A84F3B12-694E-43F1-B661-89A0634231FC}.Debug|x86.ActiveCfg = Debug|Any CPU
		{A84F3B12-694E-43F1-B661-89A0634231FC}.Debug|x86.Build.0 = Debug|Any CPU
		{A84F3B12-694E-43F1-B661-89A0634231FC}.Release|Any CPU.ActiveCfg = Release|Any CPU
		{A84F3B12-694E-43F1-B661-89A0634231FC}.Release|Any CPU.Build.0 = Release|Any CPU
		{A84F3B12-694E-43F1-B661-89A0634231FC}.Release|x64.ActiveCfg = Release|Any CPU
		{A84F3B12-694E-43F1-B661-89A0634231FC}.Release|x64.Build.0 = Release|Any CPU
		{A84F3B12-694E-43F1-B661-89A0634231FC}.Release|x86.ActiveCfg = Release|Any CPU
		{A84F3B12-694E-43F1-B661-89A0634231FC}.Release|x86.Build.0 = Release|Any CPU
		{7A34A690-FD99-4617-A38C-1D77126651B6}.Debug|Any CPU.ActiveCfg = Debug|Any CPU
		{7A34A690-FD99-4617-A38C-1D77126651B6}.Debug|Any CPU.Build.0 = Debug|Any CPU
		{7A34A690-FD99-4617-A38C-1D77126651B6}.Debug|x64.ActiveCfg = Debug|Any CPU
		{7A34A690-FD99-4617-A38C-1D77126651B6}.Debug|x64.Build.0 = Debug|Any CPU
		{7A34A690-FD99-4617-A38C-1D77126651B6}.Debug|x86.ActiveCfg = Debug|Any CPU
		{7A34A690-FD99-4617-A38C-1D77126651B6}.Debug|x86.Build.0 = Debug|Any CPU
		{7A34A690-FD99-4617-A38C-1D77126651B6}.Release|Any CPU.ActiveCfg = Release|Any CPU
		{7A34A690-FD99-4617-A38C-1D77126651B6}.Release|Any CPU.Build.0 = Release|Any CPU
		{7A34A690-FD99-4617-A38C-1D77126651B6}.Release|x64.ActiveCfg = Release|Any CPU
		{7A34A690-FD99-4617-A38C-1D77126651B6}.Release|x64.Build.0 = Release|Any CPU
		{7A34A690-FD99-4617-A38C-1D77126651B6}.Release|x86.ActiveCfg = Release|Any CPU
		{7A34A690-FD99-4617-A38C-1D77126651B6}.Release|x86.Build.0 = Release|Any CPU
		{5E84796D-4CC7-42B0-BDDD-C791546BC5E3}.Debug|Any CPU.ActiveCfg = Debug|Any CPU
		{5E84796D-4CC7-42B0-BDDD-C791546BC5E3}.Debug|Any CPU.Build.0 = Debug|Any CPU
		{5E84796D-4CC7-42B0-BDDD-C791546BC5E3}.Debug|x64.ActiveCfg = Debug|Any CPU
		{5E84796D-4CC7-42B0-BDDD-C791546BC5E3}.Debug|x64.Build.0 = Debug|Any CPU
		{5E84796D-4CC7-42B0-BDDD-C791546BC5E3}.Debug|x86.ActiveCfg = Debug|Any CPU
		{5E84796D-4CC7-42B0-BDDD-C791546BC5E3}.Debug|x86.Build.0 = Debug|Any CPU
		{5E84796D-4CC7-42B0-BDDD-C791546BC5E3}.Release|Any CPU.ActiveCfg = Release|Any CPU
		{5E84796D-4CC7-42B0-BDDD-C791546BC5E3}.Release|Any CPU.Build.0 = Release|Any CPU
		{5E84796D-4CC7-42B0-BDDD-C791546BC5E3}.Release|x64.ActiveCfg = Release|Any CPU
		{5E84796D-4CC7-42B0-BDDD-C791546BC5E3}.Release|x64.Build.0 = Release|Any CPU
		{5E84796D-4CC7-42B0-BDDD-C791546BC5E3}.Release|x86.ActiveCfg = Release|Any CPU
		{5E84796D-4CC7-42B0-BDDD-C791546BC5E3}.Release|x86.Build.0 = Release|Any CPU
		{9D11F339-AB93-45D3-99F0-7E7545FEBAAC}.Debug|Any CPU.ActiveCfg = Debug|Any CPU
		{9D11F339-AB93-45D3-99F0-7E7545FEBAAC}.Debug|Any CPU.Build.0 = Debug|Any CPU
		{9D11F339-AB93-45D3-99F0-7E7545FEBAAC}.Debug|x64.ActiveCfg = Debug|Any CPU
		{9D11F339-AB93-45D3-99F0-7E7545FEBAAC}.Debug|x64.Build.0 = Debug|Any CPU
		{9D11F339-AB93-45D3-99F0-7E7545FEBAAC}.Debug|x86.ActiveCfg = Debug|Any CPU
		{9D11F339-AB93-45D3-99F0-7E7545FEBAAC}.Debug|x86.Build.0 = Debug|Any CPU
		{9D11F339-AB93-45D3-99F0-7E7545FEBAAC}.Release|Any CPU.ActiveCfg = Release|Any CPU
		{9D11F339-AB93-45D3-99F0-7E7545FEBAAC}.Release|Any CPU.Build.0 = Release|Any CPU
		{9D11F339-AB93-45D3-99F0-7E7545FEBAAC}.Release|x64.ActiveCfg = Release|Any CPU
		{9D11F339-AB93-45D3-99F0-7E7545FEBAAC}.Release|x64.Build.0 = Release|Any CPU
		{9D11F339-AB93-45D3-99F0-7E7545FEBAAC}.Release|x86.ActiveCfg = Release|Any CPU
		{9D11F339-AB93-45D3-99F0-7E7545FEBAAC}.Release|x86.Build.0 = Release|Any CPU
		{2F6C33E4-B173-41E5-B50A-DC22742A0098}.Debug|Any CPU.ActiveCfg = Debug|Any CPU
		{2F6C33E4-B173-41E5-B50A-DC22742A0098}.Debug|Any CPU.Build.0 = Debug|Any CPU
		{2F6C33E4-B173-41E5-B50A-DC22742A0098}.Debug|x64.ActiveCfg = Debug|Any CPU
		{2F6C33E4-B173-41E5-B50A-DC22742A0098}.Debug|x64.Build.0 = Debug|Any CPU
		{2F6C33E4-B173-41E5-B50A-DC22742A0098}.Debug|x86.ActiveCfg = Debug|Any CPU
		{2F6C33E4-B173-41E5-B50A-DC22742A0098}.Debug|x86.Build.0 = Debug|Any CPU
		{2F6C33E4-B173-41E5-B50A-DC22742A0098}.Release|Any CPU.ActiveCfg = Release|Any CPU
		{2F6C33E4-B173-41E5-B50A-DC22742A0098}.Release|Any CPU.Build.0 = Release|Any CPU
		{2F6C33E4-B173-41E5-B50A-DC22742A0098}.Release|x64.ActiveCfg = Release|Any CPU
		{2F6C33E4-B173-41E5-B50A-DC22742A0098}.Release|x64.Build.0 = Release|Any CPU
		{2F6C33E4-B173-41E5-B50A-DC22742A0098}.Release|x86.ActiveCfg = Release|Any CPU
		{2F6C33E4-B173-41E5-B50A-DC22742A0098}.Release|x86.Build.0 = Release|Any CPU
		{2EC66217-E36A-48E9-BC72-1CDA4D173000}.Debug|Any CPU.ActiveCfg = Debug|Any CPU
		{2EC66217-E36A-48E9-BC72-1CDA4D173000}.Debug|Any CPU.Build.0 = Debug|Any CPU
		{2EC66217-E36A-48E9-BC72-1CDA4D173000}.Debug|x64.ActiveCfg = Debug|Any CPU
		{2EC66217-E36A-48E9-BC72-1CDA4D173000}.Debug|x64.Build.0 = Debug|Any CPU
		{2EC66217-E36A-48E9-BC72-1CDA4D173000}.Debug|x86.ActiveCfg = Debug|Any CPU
		{2EC66217-E36A-48E9-BC72-1CDA4D173000}.Debug|x86.Build.0 = Debug|Any CPU
		{2EC66217-E36A-48E9-BC72-1CDA4D173000}.Release|Any CPU.ActiveCfg = Release|Any CPU
		{2EC66217-E36A-48E9-BC72-1CDA4D173000}.Release|Any CPU.Build.0 = Release|Any CPU
		{2EC66217-E36A-48E9-BC72-1CDA4D173000}.Release|x64.ActiveCfg = Release|Any CPU
		{2EC66217-E36A-48E9-BC72-1CDA4D173000}.Release|x64.Build.0 = Release|Any CPU
		{2EC66217-E36A-48E9-BC72-1CDA4D173000}.Release|x86.ActiveCfg = Release|Any CPU
		{2EC66217-E36A-48E9-BC72-1CDA4D173000}.Release|x86.Build.0 = Release|Any CPU
	EndGlobalSection
	GlobalSection(SolutionProperties) = preSolution
		HideSolutionNode = FALSE
	EndGlobalSection
	GlobalSection(ExtensibilityGlobals) = postSolution
		SolutionGuid = {08527478-E925-4F08-B6C1-DD84501FF824}
	EndGlobalSection
EndGlobal
